
Microsoft Visual Studio Solution File, Format Version 12.00
# Visual Studio 15
VisualStudioVersion = 15.0.28307.489
MinimumVisualStudioVersion = 10.0.40219.1
Project("{8BC9CEB8-8B4A-11D0-8D11-00A0C91BC942}") = "Ex8", "Ex8\Ex8.vcxproj", "{9BB170DD-25C7-46CD-B20B-24199536AF4C}"
EndProject
Global
	GlobalSection(SolutionConfigurationPlatforms) = preSolution
		Debug|x64 = Debug|x64
		Debug|x86 = Debug|x86
		Release|x64 = Release|x64
		Release|x86 = Release|x86
	EndGlobalSection
	GlobalSection(ProjectConfigurationPlatforms) = postSolution
		{9BB170DD-25C7-46CD-B20B-24199536AF4C}.Debug|x64.ActiveCfg = Debug|x64
		{9BB170DD-25C7-46CD-B20B-24199536AF4C}.Debug|x64.Build.0 = Debug|x64
		{9BB170DD-25C7-46CD-B20B-24199536AF4C}.Debug|x86.ActiveCfg = Debug|Win32
		{9BB170DD-25C7-46CD-B20B-24199536AF4C}.Debug|x86.Build.0 = Debug|Win32
		{9BB170DD-25C7-46CD-B20B-24199536AF4C}.Release|x64.ActiveCfg = Release|x64
		{9BB170DD-25C7-46CD-B20B-24199536AF4C}.Release|x64.Build.0 = Release|x64
		{9BB170DD-25C7-46CD-B20B-24199536AF4C}.Release|x86.ActiveCfg = Release|Win32
		{9BB170DD-25C7-46CD-B20B-24199536AF4C}.Release|x86.Build.0 = Release|Win32
	EndGlobalSection
	GlobalSection(SolutionProperties) = preSolution
		HideSolutionNode = FALSE
	EndGlobalSection
	GlobalSection(ExtensibilityGlobals) = postSolution
		SolutionGuid = {526DA3B8-0A6B-4CDD-8F1F-C5090A028084}
	EndGlobalSection
EndGlobal
